{
    "_readme": [
        "This file locks the dependencies of your project to a known state",
        "Read more about it at https://getcomposer.org/doc/01-basic-usage.md#composer-lock-the-lock-file",
        "This file is @generated automatically"
    ],
    "content-hash": "df542087153df56e0199bc14a08f4be7",
    "packages": [
        {
            "name": "ffan/cluster-redis",
            "version": "1.0.6",
            "source": {
                "type": "git",
                "url": "http://gitlab.ffan.biz/php/cluster-redis.git",
                "reference": "53a6833a93f8093339989d351f0d3ccf5e6c3721"
            },
            "dist": {
                "type": "zip",
                "url": "http://composer.intra.ffan.com/repo/private/dists/ffan/cluster-redis/1.0.6.0/53a6833a93f8093339989d351f0d3ccf5e6c3721.zip",
                "reference": "53a6833a93f8093339989d351f0d3ccf5e6c3721",
                "shasum": null,
                "mirrors": [
                    {
                        "url": "http://composer.intra.ffan.com/repo/private/dists/%package%/%version%/%reference%.%type%",
                        "preferred": true
                    }
                ]
            },
            "archive": {
                "exclude": [
                    "test",
                    ".gitignore"
                ]
            },
            "require": {
                "ffan/std-async": "1.*",
                "ffan/std-common": "2.*",
                "ffan/std-console": "1.*",
                "ffan/std-logger": "1.*",
                "php": ">=5.5.0"
            },
            "type": "composer",
            "autoload": {
                "psr-4": {
                    "FFan\\Std\\ClusterRedis\\": "src"
                }
            },
            "authors": [
                {
                    "name": "huangshunzhao",
                    "email": "huangshunzhao@wanda.cn",
                    "role": "Founder"
                }
            ],
            "description": "FFan STD ClusterRedis",
            "keywords": [
                "cluster redis",
                "ffan"
            ],
            "time": "2017-09-06T12:31:20+00:00"
        },
        {
            "name": "ffan/dop",
            "version": "2.5.1",
            "source": {
                "type": "git",
                "url": "http://gitlab.ffan.biz/dop/dop.git",
                "reference": "0a912e97b2069743a82ace723d0e52e80272827b"
            },
            "dist": {
                "type": "zip",
                "url": "http://composer.intra.ffan.com/repo/private/dists/ffan/dop/2.5.1.0/0a912e97b2069743a82ace723d0e52e80272827b.zip",
                "reference": "0a912e97b2069743a82ace723d0e52e80272827b",
                "shasum": null,
                "mirrors": [
                    {
                        "url": "http://composer.intra.ffan.com/repo/private/dists/%package%/%version%/%reference%.%type%",
                        "preferred": true
                    }
                ]
            },
            "archive": {
                "exclude": [
                    "test",
                    ".gitignore"
                ]
            },
            "require": {
                "ffan/std-common": "2.*",
                "ffan/std-console": "1.*",
                "ffan/std-git": "1.*",
                "php": ">=5.5.0"
            },
            "type": "composer",
            "autoload": {
                "psr-4": {
                    "FFan\\Dop\\": "base",
                    "FFan\\Dop\\Coder\\": "coder",
                    "FFan\\Dop\\Plugin\\": "plugin",
                    "FFan\\Dop\\Tool\\": "tool"
                }
            },
            "authors": [
                {
                    "name": "huangshunzhao",
                    "email": "huangshunzhao@wanda.cn",
                    "role": "Founder"
                }
            ],
            "description": "FFan DOP",
            "keywords": [
                "dop",
                "ffan"
            ],
            "time": "2017-12-17T12:07:49+00:00"
        },
        {
            "name": "ffan/dop-uis",
            "version": "2.1.5",
            "source": {
                "type": "git",
                "url": "http://gitlab.ffan.biz/dop/uis.git",
                "reference": "064e13510aaa183a87461d378e3f2cb1dc428ce2"
            },
            "dist": {
                "type": "zip",
                "url": "http://composer.intra.ffan.com/repo/private/dists/ffan/dop-uis/2.1.5.0/064e13510aaa183a87461d378e3f2cb1dc428ce2.zip",
                "reference": "064e13510aaa183a87461d378e3f2cb1dc428ce2",
                "shasum": null,
                "mirrors": [
                    {
                        "url": "http://composer.intra.ffan.com/repo/private/dists/%package%/%version%/%reference%.%type%",
                        "preferred": true
                    }
                ]
            },
            "require": {
                "ffan/php-dop": "2.*",
                "ffan/std-async": "1.*",
                "ffan/std-cache": "2.*",
                "ffan/std-common": "2.*",
                "ffan/std-console": "1.*",
                "ffan/std-event": "2.*",
                "ffan/std-http": "1.*",
                "ffan/std-logger": "1.*",
                "ffan/std-tpl": "1.*",
                "php": ">=5.6.0"
            },
            "type": "composer",
            "autoload": {
                "psr-4": {
                    "FFan\\Dop\\Uis\\": "src",
                    "FFan\\Uis\\Work\\": "work"
                }
            },
            "license": [
                "BSD-3-Clause"
            ],
            "description": "Dop ui service framework",
            "keywords": [
                "dop",
                "ffan",
                "uis"
            ],
            "time": "2017-12-15T06:32:41+00:00"
        },
        {
            "name": "ffan/php-dop",
            "version": "2.0.1",
            "source": {
                "type": "git",
                "url": "http://gitlab.ffan.biz/dop/php.git",
                "reference": "9aa852dc05769967569ad0c002f9d294325d1747"
            },
            "dist": {
                "type": "zip",
                "url": "http://composer.intra.ffan.com/repo/private/dists/ffan/php-dop/2.0.1.0/9aa852dc05769967569ad0c002f9d294325d1747.zip",
                "reference": "9aa852dc05769967569ad0c002f9d294325d1747",
                "shasum": null,
                "mirrors": [
                    {
                        "url": "http://composer.intra.ffan.com/repo/private/dists/%package%/%version%/%reference%.%type%",
                        "preferred": true
                    }
                ]
            },
            "require": {
                "ffan/std-common": "2.*",
                "php": ">=5.5.0"
            },
            "type": "composer",
            "autoload": {
                "psr-4": {
                    "FFan\\Dop\\": "src"
                }
            },
            "authors": [
                {
                    "name": "huangshunzhao",
                    "email": "huangshunzhao@wanda.cn",
                    "role": "Founder and project lead"
                }
            ],
            "description": "FFan dop php common files",
            "keywords": [
                "dop",
                "ffan",
                "php"
            ],
            "time": "2017-09-21T05:54:23+00:00"
        },
        {
            "name": "ffan/std-async",
            "version": "1.0.3",
            "source": {
                "type": "git",
                "url": "http://gitlab.ffan.biz/php/async.git",
                "reference": "0c6ea861285def27d3c8f1e3c0ac4d1476ff6826"
            },
            "dist": {
                "type": "zip",
                "url": "http://composer.intra.ffan.com/repo/private/dists/ffan/std-async/1.0.3.0/0c6ea861285def27d3c8f1e3c0ac4d1476ff6826.zip",
                "reference": "0c6ea861285def27d3c8f1e3c0ac4d1476ff6826",
                "shasum": null,
                "mirrors": [
                    {
                        "url": "http://composer.intra.ffan.com/repo/private/dists/%package%/%version%/%reference%.%type%",
                        "preferred": true
                    }
                ]
            },
            "archive": {
                "exclude": [
                    "test",
                    ".gitignore"
                ]
            },
            "require": {
                "ffan/std-event": "2.*",
                "ffan/std-logger": "1.*",
                "php": ">=5.5.0"
            },
            "type": "composer",
            "autoload": {
                "psr-4": {
                    "FFan\\Std\\Async\\": "src"
                }
            },
            "authors": [
                {
                    "name": "huangshunzhao",
                    "email": "huangshunzhao@wanda.cn",
                    "role": "Founder and project lead"
                }
            ],
            "description": "FFan php async components",
            "keywords": [
                "async",
                "ffan",
                "php"
            ],
            "time": "2017-12-13T11:35:40+00:00"
        },
        {
            "name": "ffan/std-cache",
            "version": "2.1.1",
            "source": {
                "type": "git",
                "url": "http://gitlab.ffan.biz/php/ffan-cache.git",
                "reference": "b798f95807db621eb893f3d10cbc848ace4a0112"
            },
            "dist": {
                "type": "zip",
                "url": "http://composer.intra.ffan.com/repo/private/dists/ffan/std-cache/2.1.1.0/b798f95807db621eb893f3d10cbc848ace4a0112.zip",
                "reference": "b798f95807db621eb893f3d10cbc848ace4a0112",
                "shasum": null,
                "mirrors": [
                    {
                        "url": "http://composer.intra.ffan.com/repo/private/dists/%package%/%version%/%reference%.%type%",
                        "preferred": true
                    }
                ]
            },
            "archive": {
                "exclude": [
                    "test",
                    ".gitignore"
                ]
            },
            "require": {
                "ffan/std-common": "2.*",
                "ffan/std-console": "1.*",
                "ffan/std-event": "2.*",
                "ffan/std-logger": "1.*",
                "php": ">=5.5.0"
            },
            "type": "composer",
            "autoload": {
                "psr-4": {
                    "FFan\\Std\\Cache\\": "src"
                }
            },
            "authors": [
                {
                    "name": "huangshunzhao",
                    "email": "huangshunzhao@wanda.cn",
                    "role": "Founder"
                }
            ],
            "description": "FFan cache",
            "keywords": [
                "cache",
                "ffan",
                "std"
            ],
            "time": "2017-12-13T11:38:09+00:00"
        },
        {
            "name": "ffan/std-common",
            "version": "2.1.6",
            "source": {
                "type": "git",
                "url": "http://gitlab.ffan.biz/php/ffan-utils.git",
                "reference": "e9885aa0e9c95f09ddfda123535fa6763966e79d"
            },
            "dist": {
                "type": "zip",
                "url": "http://composer.intra.ffan.com/repo/private/dists/ffan/std-common/2.1.6.0/e9885aa0e9c95f09ddfda123535fa6763966e79d.zip",
                "reference": "e9885aa0e9c95f09ddfda123535fa6763966e79d",
                "shasum": null,
                "mirrors": [
                    {
                        "url": "http://composer.intra.ffan.com/repo/private/dists/%package%/%version%/%reference%.%type%",
                        "preferred": true
                    }
                ]
            },
            "archive": {
                "exclude": [
                    "test",
                    ".gitignore"
                ]
            },
            "require": {
                "ext-mbstring": "*",
                "php": ">=5.5.0"
            },
            "type": "composer",
            "autoload": {
                "psr-4": {
                    "FFan\\Std\\Common\\": "src"
                }
            },
            "authors": [
                {
                    "name": "huangshunzhao",
                    "email": "huangshunzhao@wanda.cn",
                    "role": "Founder and project lead"
                }
            ],
            "description": "FFan php utils components",
            "keywords": [
                "ffan",
                "php",
                "utils"
            ],
            "time": "2017-12-15T06:47:48+00:00"
        },
        {
            "name": "ffan/std-console",
            "version": "1.2.1",
            "source": {
                "type": "git",
                "url": "http://gitlab.ffan.biz/php/console.git",
                "reference": "5276724c22b0cdb046c94d656b6e6356283ac9f5"
            },
            "dist": {
                "type": "zip",
                "url": "http://composer.intra.ffan.com/repo/private/dists/ffan/std-console/1.2.1.0/5276724c22b0cdb046c94d656b6e6356283ac9f5.zip",
                "reference": "5276724c22b0cdb046c94d656b6e6356283ac9f5",
                "shasum": null,
                "mirrors": [
                    {
                        "url": "http://composer.intra.ffan.com/repo/private/dists/%package%/%version%/%reference%.%type%",
                        "preferred": true
                    }
                ]
            },
            "archive": {
                "exclude": [
                    "test",
                    ".gitignore"
                ]
            },
            "require": {
                "ffan/std-common": "2.*",
                "ffan/std-event": "2.*",
                "ffan/std-logger": "1.*",
                "php": ">=5.5.0"
            },
            "type": "composer",
            "autoload": {
                "psr-4": {
                    "FFan\\Std\\Console\\": "src"
                },
                "files": [
                    "src/helper.php"
                ]
            },
            "authors": [
                {
                    "name": "huangshunzhao",
                    "email": "huangshunzhao@wanda.cn",
                    "role": "Founder"
                }
            ],
            "description": "FFan STD Console",
            "keywords": [
                "console",
                "ffan"
            ],
            "time": "2017-12-13T11:37:03+00:00"
        },
        {
            "name": "ffan/std-event",
            "version": "2.1.0",
            "source": {
                "type": "git",
                "url": "http://gitlab.ffan.biz/php/ffan-event.git",
                "reference": "e406c15989a4c79de7bc06df4e9522ecc57d1d7d"
            },
            "dist": {
                "type": "zip",
                "url": "http://composer.intra.ffan.com/repo/private/dists/ffan/std-event/2.1.0.0/e406c15989a4c79de7bc06df4e9522ecc57d1d7d.zip",
                "reference": "e406c15989a4c79de7bc06df4e9522ecc57d1d7d",
                "shasum": null,
                "mirrors": [
                    {
                        "url": "http://composer.intra.ffan.com/repo/private/dists/%package%/%version%/%reference%.%type%",
                        "preferred": true
                    }
                ]
            },
            "archive": {
                "exclude": [
                    "test",
                    ".gitignore"
                ]
            },
            "require": {
                "php": ">=5.5.0"
            },
            "type": "composer",
            "autoload": {
                "psr-4": {
                    "FFan\\Std\\Event\\": "src"
                }
            },
            "authors": [
                {
                    "name": "huangshunzhao",
                    "email": "huangshunzhao@wanda.cn",
                    "role": "Founder"
                }
            ],
            "description": "FFan std event",
            "keywords": [
                "event",
                "ffan",
                "std"
            ],
            "time": "2017-12-13T11:39:12+00:00"
        },
        {
            "name": "ffan/std-git",
            "version": "1.1.1",
            "source": {
                "type": "git",
                "url": "http://gitlab.ffan.biz/php/git.git",
                "reference": "3e163785955139edfabedc118a0af38400a23ac3"
            },
            "dist": {
                "type": "zip",
                "url": "http://composer.intra.ffan.com/repo/private/dists/ffan/std-git/1.1.1.0/3e163785955139edfabedc118a0af38400a23ac3.zip",
                "reference": "3e163785955139edfabedc118a0af38400a23ac3",
                "shasum": null,
                "mirrors": [
                    {
                        "url": "http://composer.intra.ffan.com/repo/private/dists/%package%/%version%/%reference%.%type%",
                        "preferred": true
                    }
                ]
            },
            "archive": {
                "exclude": [
                    "test",
                    ".gitignore"
                ]
            },
            "require": {
                "ffan/std-common": "2.*",
                "ffan/std-logger": "1.*",
                "php": ">=5.5.0"
            },
            "type": "composer",
            "autoload": {
                "psr-4": {
                    "FFan\\Std\\Git\\": "src"
                }
            },
            "authors": [
                {
                    "name": "huangshunzhao",
                    "email": "huangshunzhao@wanda.cn",
                    "role": "Founder and project lead"
                }
            ],
            "description": "FFan php git components",
            "keywords": [
                "ffan",
                "git",
                "php"
            ],
            "time": "2017-12-13T11:40:19+00:00"
        },
        {
            "name": "ffan/std-http",
            "version": "1.1.1",
            "source": {
                "type": "git",
                "url": "http://gitlab.ffan.biz/php/ffan-http.git",
                "reference": "5f384953f5151b7226413a0b935f011adb2589a7"
            },
            "dist": {
                "type": "zip",
                "url": "http://composer.intra.ffan.com/repo/private/dists/ffan/std-http/1.1.1.0/5f384953f5151b7226413a0b935f011adb2589a7.zip",
                "reference": "5f384953f5151b7226413a0b935f011adb2589a7",
                "shasum": null,
                "mirrors": [
                    {
                        "url": "http://composer.intra.ffan.com/repo/private/dists/%package%/%version%/%reference%.%type%",
                        "preferred": true
                    }
                ]
            },
            "archive": {
                "exclude": [
                    "test",
                    ".gitignore"
                ]
            },
            "require": {
                "ffan/std-async": "1.*",
                "ffan/std-common": "2.*",
                "ffan/std-console": "1.*",
                "ffan/std-logger": "1.*",
                "php": ">=5.5.0"
            },
            "type": "composer",
            "autoload": {
                "psr-4": {
                    "FFan\\Std\\Http\\": "src/"
                }
            },
            "authors": [
                {
                    "name": "huangshunzhao",
                    "email": "huangshunzhao@wanda.cn",
                    "role": "Founder"
                }
            ],
            "description": "FFan http components",
            "keywords": [
                "ffan",
                "http",
                "php"
            ],
            "time": "2017-12-15T15:37:28+00:00"
        },
        {
            "name": "ffan/std-logger",
            "version": "1.2.4",
            "source": {
                "type": "git",
                "url": "http://gitlab.ffan.biz/php/logger.git",
                "reference": "c0f2bd28e825d0e3aac7b1722280a1936dcda559"
            },
            "dist": {
                "type": "zip",
                "url": "http://composer.intra.ffan.com/repo/private/dists/ffan/std-logger/1.2.4.0/c0f2bd28e825d0e3aac7b1722280a1936dcda559.zip",
                "reference": "c0f2bd28e825d0e3aac7b1722280a1936dcda559",
                "shasum": null,
                "mirrors": [
                    {
                        "url": "http://composer.intra.ffan.com/repo/private/dists/%package%/%version%/%reference%.%type%",
                        "preferred": true
                    }
                ]
            },
            "archive": {
                "exclude": [
                    "test",
                    ".gitignore"
                ]
            },
            "require": {
                "ffan/std-common": "2.*",
                "ffan/std-event": "2.*",
                "php": ">=5.5.0"
            },
            "type": "composer",
            "autoload": {
                "psr-4": {
                    "FFan\\Std\\Logger\\": "src"
                }
            },
            "authors": [
                {
                    "name": "huangshunzhao",
                    "email": "huangshunzhao@wanda.cn",
                    "role": "Founder"
                }
            ],
            "description": "FFan STD Logger",
            "keywords": [
                "ffan",
                "logger"
            ],
            "time": "2017-12-14T08:06:54+00:00"
        },
        {
            "name": "ffan/std-mysql",
            "version": "1.1.0",
            "source": {
                "type": "git",
                "url": "http://gitlab.ffan.biz/php/ffan-mysql.git",
                "reference": "71ac57ffced06995c82ca0cd91d10752235cf779"
            },
            "dist": {
                "type": "zip",
                "url": "http://composer.intra.ffan.com/repo/private/dists/ffan/std-mysql/1.1.0.0/71ac57ffced06995c82ca0cd91d10752235cf779.zip",
                "reference": "71ac57ffced06995c82ca0cd91d10752235cf779",
                "shasum": null,
                "mirrors": [
                    {
                        "url": "http://composer.intra.ffan.com/repo/private/dists/%package%/%version%/%reference%.%type%",
                        "preferred": true
                    }
                ]
            },
            "archive": {
                "exclude": [
                    "test",
                    ".gitignore"
                ]
            },
            "require": {
                "ext-mysqli": "*",
                "ffan/std-common": "2.*",
                "ffan/std-console": "1.*",
                "ffan/std-event": "2.*",
                "ffan/std-logger": "1.*",
                "php": ">=5.5.0"
            },
            "type": "composer",
            "autoload": {
                "psr-4": {
                    "FFan\\Std\\Mysql\\": "src"
                }
            },
            "authors": [
                {
                    "name": "huangshunzhao",
                    "email": "huangshunzhao@wanda.cn",
                    "role": "Founder"
                }
            ],
            "description": "FFan mysql",
            "keywords": [
                "ffan",
                "mysql",
                "php"
            ],
            "time": "2017-12-13T11:07:16+00:00"
        },
        {
            "name": "ffan/std-pubsub",
            "version": "1.1.0",
            "source": {
                "type": "git",
                "url": "http://gitlab.ffan.biz/php/pubsub.git",
                "reference": "0f4b976972c01b243c3894b034585c8bd78533dd"
            },
            "dist": {
                "type": "zip",
                "url": "http://composer.intra.ffan.com/repo/private/dists/ffan/std-pubsub/1.1.0.0/0f4b976972c01b243c3894b034585c8bd78533dd.zip",
                "reference": "0f4b976972c01b243c3894b034585c8bd78533dd",
                "shasum": null,
                "mirrors": [
                    {
                        "url": "http://composer.intra.ffan.com/repo/private/dists/%package%/%version%/%reference%.%type%",
                        "preferred": true
                    }
                ]
            },
            "archive": {
                "exclude": [
                    "test",
                    ".gitignore"
                ]
            },
            "require": {
                "ffan/std-common": "2.*",
                "ffan/std-console": "1.*",
                "ffan/std-logger": "1.*",
                "php": ">=5.5.0"
            },
            "type": "composer",
            "autoload": {
                "psr-4": {
                    "FFan\\Std\\PubSub\\": "src"
                }
            },
            "authors": [
                {
                    "name": "huangshunzhao",
                    "email": "huangshunzhao@wanda.cn",
                    "role": "Founder and project lead"
                }
            ],
            "description": "FFan pubsub components",
            "keywords": [
                "ffan",
                "php",
                "pubsub"
            ],
            "time": "2017-12-13T11:47:43+00:00"
        },
        {
            "name": "ffan/std-tpl",
            "version": "1.1.4",
            "source": {
                "type": "git",
                "url": "http://gitlab.ffan.biz/php/ffan-tpl.git",
                "reference": "fe9fe1724289b2ec84e9b799e6d25ea5777cf3bf"
            },
            "dist": {
                "type": "zip",
                "url": "http://composer.intra.ffan.com/repo/private/dists/ffan/std-tpl/1.1.4.0/fe9fe1724289b2ec84e9b799e6d25ea5777cf3bf.zip",
                "reference": "fe9fe1724289b2ec84e9b799e6d25ea5777cf3bf",
                "shasum": null,
                "mirrors": [
                    {
                        "url": "http://composer.intra.ffan.com/repo/private/dists/%package%/%version%/%reference%.%type%",
                        "preferred": true
                    }
                ]
            },
            "archive": {
                "exclude": [
                    "test",
                    ".gitignore"
                ]
            },
            "require": {
                "ffan/std-common": "2.*",
                "php": ">=5.5.0"
            },
            "type": "composer",
            "autoload": {
                "psr-4": {
                    "FFan\\Std\\Tpl\\": "src"
                }
            },
            "authors": [
                {
                    "name": "huangshunzhao",
                    "email": "huangshunzhao@wanda.cn",
                    "role": "Founder and project lead"
                }
            ],
            "description": "FFan tpl",
            "keywords": [
                "ffan",
                "php",
                "tpl"
            ],
            "time": "2017-12-13T11:10:23+00:00"
        }
    ],
    "packages-dev": [],
    "aliases": [],
    "minimum-stability": "stable",
    "stability-flags": [],
    "prefer-stable": false,
    "prefer-lowest": false,
    "platform": {
        "php": ">=5.6.0"
    },
    "platform-dev": []
}
