{
    "_readme": [
        "This file locks the dependencies of your project to a known state",
        "Read more about it at https://getcomposer.org/doc/01-basic-usage.md#composer-lock-the-lock-file",
        "This file is @generated automatically"
    ],
    "content-hash": "df542087153df56e0199bc14a08f4be7",
    "packages": [
        {
            "name": "ffan/cluster-redis",
            "version": "1.0.6",
            "source": {
                "type": "git",
                "url": "http://gitlab.ffan.biz/php/cluster-redis.git",
                "reference": "53a6833a93f8093339989d351f0d3ccf5e6c3721"
            },
            "dist": {
                "type": "zip",
                "url": "http://composer.intra.ffan.com/repo/private/dists/ffan/cluster-redis/1.0.6.0/53a6833a93f8093339989d351f0d3ccf5e6c3721.zip",
                "reference": "53a6833a93f8093339989d351f0d3ccf5e6c3721",
                "shasum": null,
                "mirrors": [
                    {
                        "url": "http://composer.intra.ffan.com/repo/private/dists/%package%/%version%/%reference%.%type%",
                        "preferred": true
                    }
                ]
            },
            "archive": {
                "exclude": [
                    "test",
                    ".gitignore"
                ]
            },
            "require": {
                "ffan/std-async": "1.*",
                "ffan/std-common": "2.*",
                "ffan/std-console": "1.*",
                "ffan/std-logger": "1.*",
                "php": ">=5.5.0"
            },
            "type": "composer",
            "autoload": {
                "psr-4": {
                    "FFan\\Std\\ClusterRedis\\": "src"
                }
            },
            "authors": [
                {
                    "name": "huangshunzhao",
                    "email": "huangshunzhao@wanda.cn",
                    "role": "Founder"
                }
            ],
            "description": "FFan STD ClusterRedis",
            "keywords": [
                "cluster redis",
                "ffan"
            ],
            "time": "2017-09-06T12:31:20+00:00"
        },
        {
            "name": "ffan/dop",
            "version": "2.1.16",
            "source": {
                "type": "git",
                "url": "http://gitlab.ffan.biz/dop/dop.git",
                "reference": "afb38d63dc0327016d613a529bba60e45bbea038"
            },
            "dist": {
                "type": "zip",
                "url": "http://composer.intra.ffan.com/repo/private/dists/ffan/dop/2.1.16.0/afb38d63dc0327016d613a529bba60e45bbea038.zip",
                "reference": "afb38d63dc0327016d613a529bba60e45bbea038",
                "shasum": null,
                "mirrors": [
                    {
                        "url": "http://composer.intra.ffan.com/repo/private/dists/%package%/%version%/%reference%.%type%",
                        "preferred": true
                    }
                ]
            },
            "archive": {
                "exclude": [
                    "test",
                    ".gitignore"
                ]
            },
            "require": {
                "ffan/std-common": "2.*",
                "ffan/std-console": "1.*",
                "php": ">=5.5.0"
            },
            "type": "composer",
            "autoload": {
                "psr-4": {
                    "FFan\\Dop\\": "base",
                    "FFan\\Dop\\Coder\\": "coder",
                    "FFan\\Dop\\Plugin\\": "plugin",
                    "FFan\\Dop\\Tool\\": "tool"
                }
            },
            "authors": [
                {
                    "name": "huangshunzhao",
                    "email": "huangshunzhao@wanda.cn",
                    "role": "Founder"
                }
            ],
            "description": "FFan DOP",
            "keywords": [
                "dop",
                "ffan"
            ],
            "time": "2017-11-20T15:25:49+00:00"
        },
        {
            "name": "ffan/dop-uis",
            "version": "2.0.0",
            "source": {
                "type": "git",
                "url": "http://gitlab.ffan.biz/dop/uis.git",
                "reference": "637f738896542ed9e4a9f733358c5fc28ee35bd7"
            },
            "dist": {
                "type": "zip",
                "url": "http://composer.intra.ffan.com/repo/private/dists/ffan/dop-uis/2.0.0.0/637f738896542ed9e4a9f733358c5fc28ee35bd7.zip",
                "reference": "637f738896542ed9e4a9f733358c5fc28ee35bd7",
                "shasum": null,
                "mirrors": [
                    {
                        "url": "http://composer.intra.ffan.com/repo/private/dists/%package%/%version%/%reference%.%type%",
                        "preferred": true
                    }
                ]
            },
            "require": {
                "ffan/php-dop": "2.*",
                "ffan/std-async": "1.*",
                "ffan/std-cache": "1.*",
                "ffan/std-common": "2.*",
                "ffan/std-console": "1.*",
                "ffan/std-event": "2.*",
                "ffan/std-http": "1.*",
                "ffan/std-logger": "1.*",
                "ffan/std-tpl": "1.*",
                "php": ">=5.6.0"
            },
            "type": "composer",
            "autoload": {
                "psr-4": {
                    "FFan\\Dop\\Uis\\": "src",
                    "FFan\\Uis\\Work\\": "work"
                },
                "files": [
                    "src/helper.php"
                ]
            },
            "license": [
                "BSD-3-Clause"
            ],
            "description": "Dop ui service framework",
            "keywords": [
                "dop",
                "ffan",
                "uis"
            ],
            "time": "2017-11-20T12:07:16+00:00"
        },
        {
            "name": "ffan/php-dop",
            "version": "2.0.1",
            "source": {
                "type": "git",
                "url": "http://gitlab.ffan.biz/dop/php.git",
                "reference": "9aa852dc05769967569ad0c002f9d294325d1747"
            },
            "dist": {
                "type": "zip",
                "url": "http://composer.intra.ffan.com/repo/private/dists/ffan/php-dop/2.0.1.0/9aa852dc05769967569ad0c002f9d294325d1747.zip",
                "reference": "9aa852dc05769967569ad0c002f9d294325d1747",
                "shasum": null,
                "mirrors": [
                    {
                        "url": "http://composer.intra.ffan.com/repo/private/dists/%package%/%version%/%reference%.%type%",
                        "preferred": true
                    }
                ]
            },
            "require": {
                "ffan/std-common": "2.*",
                "php": ">=5.5.0"
            },
            "type": "composer",
            "autoload": {
                "psr-4": {
                    "FFan\\Dop\\": "src"
                }
            },
            "authors": [
                {
                    "name": "huangshunzhao",
                    "email": "huangshunzhao@wanda.cn",
                    "role": "Founder and project lead"
                }
            ],
            "description": "FFan dop php common files",
            "keywords": [
                "dop",
                "ffan",
                "php"
            ],
            "time": "2017-09-21T05:54:23+00:00"
        },
        {
            "name": "ffan/std-async",
            "version": "1.0.1",
            "source": {
                "type": "git",
                "url": "http://gitlab.ffan.biz/php/async.git",
                "reference": "76f3c270f3d9ab94f2eab7751ee433d31b891ac9"
            },
            "dist": {
                "type": "zip",
                "url": "http://composer.intra.ffan.com/repo/private/dists/ffan/std-async/1.0.1.0/76f3c270f3d9ab94f2eab7751ee433d31b891ac9.zip",
                "reference": "76f3c270f3d9ab94f2eab7751ee433d31b891ac9",
                "shasum": null,
                "mirrors": [
                    {
                        "url": "http://composer.intra.ffan.com/repo/private/dists/%package%/%version%/%reference%.%type%",
                        "preferred": true
                    }
                ]
            },
            "archive": {
                "exclude": [
                    "test",
                    ".gitignore"
                ]
            },
            "require": {
                "ffan/std-event": "2.*",
                "ffan/std-logger": "1.*",
                "php": ">=5.5.0"
            },
            "type": "composer",
            "autoload": {
                "psr-4": {
                    "FFan\\Std\\Async\\": "src"
                }
            },
            "authors": [
                {
                    "name": "huangshunzhao",
                    "email": "huangshunzhao@wanda.cn",
                    "role": "Founder and project lead"
                }
            ],
            "description": "FFan php async components",
            "keywords": [
                "async",
                "ffan",
                "php"
            ],
            "time": "2017-09-06T06:28:50+00:00"
        },
        {
            "name": "ffan/std-cache",
            "version": "1.0.4",
            "source": {
                "type": "git",
                "url": "http://gitlab.ffan.biz/php/ffan-cache.git",
                "reference": "12127fb1f59de5515bc72476d916f8d6f58f8b2e"
            },
            "dist": {
                "type": "zip",
                "url": "http://composer.intra.ffan.com/repo/private/dists/ffan/std-cache/1.0.4.0/12127fb1f59de5515bc72476d916f8d6f58f8b2e.zip",
                "reference": "12127fb1f59de5515bc72476d916f8d6f58f8b2e",
                "shasum": null,
                "mirrors": [
                    {
                        "url": "http://composer.intra.ffan.com/repo/private/dists/%package%/%version%/%reference%.%type%",
                        "preferred": true
                    }
                ]
            },
            "archive": {
                "exclude": [
                    "test",
                    ".gitignore"
                ]
            },
            "require": {
                "ffan/std-common": "2.*",
                "ffan/std-console": "1.*",
                "ffan/std-event": "2.*",
                "ffan/std-logger": "1.*",
                "php": ">=5.5.0"
            },
            "type": "composer",
            "autoload": {
                "psr-4": {
                    "FFan\\Std\\Cache\\": "src"
                }
            },
            "authors": [
                {
                    "name": "huangshunzhao",
                    "email": "huangshunzhao@wanda.cn",
                    "role": "Founder"
                }
            ],
            "description": "FFan cache",
            "keywords": [
                "cache",
                "ffan",
                "std"
            ],
            "time": "2017-11-20T08:57:06+00:00"
        },
        {
            "name": "ffan/std-common",
            "version": "2.0.7",
            "source": {
                "type": "git",
                "url": "http://gitlab.ffan.biz/php/ffan-utils.git",
                "reference": "31278b5db30387b0c7424229d9dacc9759298b5f"
            },
            "dist": {
                "type": "zip",
                "url": "http://composer.intra.ffan.com/repo/private/dists/ffan/std-common/2.0.7.0/31278b5db30387b0c7424229d9dacc9759298b5f.zip",
                "reference": "31278b5db30387b0c7424229d9dacc9759298b5f",
                "shasum": null,
                "mirrors": [
                    {
                        "url": "http://composer.intra.ffan.com/repo/private/dists/%package%/%version%/%reference%.%type%",
                        "preferred": true
                    }
                ]
            },
            "archive": {
                "exclude": [
                    "test",
                    ".gitignore"
                ]
            },
            "require": {
                "ext-mbstring": "*",
                "php": ">=5.5.0"
            },
            "type": "composer",
            "autoload": {
                "psr-4": {
                    "FFan\\Std\\Common\\": "src"
                }
            },
            "authors": [
                {
                    "name": "huangshunzhao",
                    "email": "huangshunzhao@wanda.cn",
                    "role": "Founder and project lead"
                }
            ],
            "description": "FFan php utils components",
            "keywords": [
                "ffan",
                "php",
                "utils"
            ],
            "time": "2017-11-16T05:44:50+00:00"
        },
        {
            "name": "ffan/std-console",
            "version": "1.0.11",
            "source": {
                "type": "git",
                "url": "http://gitlab.ffan.biz/php/console.git",
                "reference": "80a2c55500a5d3e72bc55a867b9fad2e9fb7f609"
            },
            "dist": {
                "type": "zip",
                "url": "http://composer.intra.ffan.com/repo/private/dists/ffan/std-console/1.0.11.0/80a2c55500a5d3e72bc55a867b9fad2e9fb7f609.zip",
                "reference": "80a2c55500a5d3e72bc55a867b9fad2e9fb7f609",
                "shasum": null,
                "mirrors": [
                    {
                        "url": "http://composer.intra.ffan.com/repo/private/dists/%package%/%version%/%reference%.%type%",
                        "preferred": true
                    }
                ]
            },
            "archive": {
                "exclude": [
                    "test",
                    ".gitignore"
                ]
            },
            "require": {
                "ffan/std-common": "2.*",
                "ffan/std-logger": "1.*",
                "php": ">=5.5.0"
            },
            "type": "composer",
            "autoload": {
                "psr-4": {
                    "FFan\\Std\\Console\\": "src"
                }
            },
            "authors": [
                {
                    "name": "huangshunzhao",
                    "email": "huangshunzhao@wanda.cn",
                    "role": "Founder"
                }
            ],
            "description": "FFan STD Console",
            "keywords": [
                "console",
                "ffan"
            ],
            "time": "2017-11-13T14:38:24+00:00"
        },
        {
            "name": "ffan/std-event",
            "version": "2.0.2",
            "source": {
                "type": "git",
                "url": "http://gitlab.ffan.biz/php/ffan-event.git",
                "reference": "8b46b9e982834dc463eba74f4a7d6ce3e7790479"
            },
            "dist": {
                "type": "zip",
                "url": "http://composer.intra.ffan.com/repo/private/dists/ffan/std-event/2.0.2.0/8b46b9e982834dc463eba74f4a7d6ce3e7790479.zip",
                "reference": "8b46b9e982834dc463eba74f4a7d6ce3e7790479",
                "shasum": null,
                "mirrors": [
                    {
                        "url": "http://composer.intra.ffan.com/repo/private/dists/%package%/%version%/%reference%.%type%",
                        "preferred": true
                    }
                ]
            },
            "archive": {
                "exclude": [
                    "test",
                    ".gitignore"
                ]
            },
            "require": {
                "php": ">=5.5.0"
            },
            "type": "composer",
            "autoload": {
                "psr-4": {
                    "FFan\\Std\\Event\\": "src"
                }
            },
            "authors": [
                {
                    "name": "huangshunzhao",
                    "email": "huangshunzhao@wanda.cn",
                    "role": "Founder"
                }
            ],
            "description": "FFan std event",
            "keywords": [
                "event",
                "ffan",
                "std"
            ],
            "time": "2017-09-26T08:46:45+00:00"
        },
        {
            "name": "ffan/std-http",
            "version": "1.0.10",
            "source": {
                "type": "git",
                "url": "http://gitlab.ffan.biz/php/ffan-http.git",
                "reference": "8d11f4d5e584829306d6814c3abe7860c91e8a09"
            },
            "dist": {
                "type": "zip",
                "url": "http://composer.intra.ffan.com/repo/private/dists/ffan/std-http/1.0.10.0/8d11f4d5e584829306d6814c3abe7860c91e8a09.zip",
                "reference": "8d11f4d5e584829306d6814c3abe7860c91e8a09",
                "shasum": null,
                "mirrors": [
                    {
                        "url": "http://composer.intra.ffan.com/repo/private/dists/%package%/%version%/%reference%.%type%",
                        "preferred": true
                    }
                ]
            },
            "archive": {
                "exclude": [
                    "test",
                    ".gitignore"
                ]
            },
            "require": {
                "ffan/std-async": "1.*",
                "ffan/std-common": "2.*",
                "ffan/std-console": "1.*",
                "ffan/std-logger": "1.*",
                "php": ">=5.5.0"
            },
            "type": "composer",
            "autoload": {
                "psr-4": {
                    "FFan\\Std\\Http\\": "src/"
                }
            },
            "authors": [
                {
                    "name": "huangshunzhao",
                    "email": "huangshunzhao@wanda.cn",
                    "role": "Founder"
                }
            ],
            "description": "FFan http components",
            "keywords": [
                "ffan",
                "http",
                "php"
            ],
            "time": "2017-11-14T09:37:24+00:00"
        },
        {
            "name": "ffan/std-logger",
            "version": "1.0.8",
            "source": {
                "type": "git",
                "url": "http://gitlab.ffan.biz/php/logger.git",
                "reference": "9a027d2251dbf80073d1bcaa39341836d01a686e"
            },
            "dist": {
                "type": "zip",
                "url": "http://composer.intra.ffan.com/repo/private/dists/ffan/std-logger/1.0.8.0/9a027d2251dbf80073d1bcaa39341836d01a686e.zip",
                "reference": "9a027d2251dbf80073d1bcaa39341836d01a686e",
                "shasum": null,
                "mirrors": [
                    {
                        "url": "http://composer.intra.ffan.com/repo/private/dists/%package%/%version%/%reference%.%type%",
                        "preferred": true
                    }
                ]
            },
            "archive": {
                "exclude": [
                    "test",
                    ".gitignore"
                ]
            },
            "require": {
                "ffan/std-common": "2.*",
                "ffan/std-event": "2.*",
                "php": ">=5.5.0"
            },
            "type": "composer",
            "autoload": {
                "psr-4": {
                    "FFan\\Std\\Logger\\": "src"
                }
            },
            "authors": [
                {
                    "name": "huangshunzhao",
                    "email": "huangshunzhao@wanda.cn",
                    "role": "Founder"
                }
            ],
            "description": "FFan STD Logger",
            "keywords": [
                "ffan",
                "logger"
            ],
            "time": "2017-11-16T05:47:26+00:00"
        },
        {
            "name": "ffan/std-mysql",
            "version": "1.0.4",
            "source": {
                "type": "git",
                "url": "http://gitlab.ffan.biz/php/ffan-mysql.git",
                "reference": "8c8365d91e888c9bc41bf61fcc251115258e5272"
            },
            "dist": {
                "type": "zip",
                "url": "http://composer.intra.ffan.com/repo/private/dists/ffan/std-mysql/1.0.4.0/8c8365d91e888c9bc41bf61fcc251115258e5272.zip",
                "reference": "8c8365d91e888c9bc41bf61fcc251115258e5272",
                "shasum": null,
                "mirrors": [
                    {
                        "url": "http://composer.intra.ffan.com/repo/private/dists/%package%/%version%/%reference%.%type%",
                        "preferred": true
                    }
                ]
            },
            "archive": {
                "exclude": [
                    "test",
                    ".gitignore"
                ]
            },
            "require": {
                "ext-mysqli": "*",
                "ffan/std-common": "2.*",
                "ffan/std-console": "1.*",
                "ffan/std-event": "2.*",
                "ffan/std-logger": "1.*",
                "php": ">=5.5.0"
            },
            "type": "composer",
            "autoload": {
                "psr-4": {
                    "FFan\\Std\\Mysql\\": "src"
                }
            },
            "authors": [
                {
                    "name": "huangshunzhao",
                    "email": "huangshunzhao@wanda.cn",
                    "role": "Founder"
                }
            ],
            "description": "FFan mysql",
            "keywords": [
                "ffan",
                "mysql",
                "php"
            ],
            "time": "2017-11-14T09:36:15+00:00"
        },
        {
            "name": "ffan/std-pubsub",
            "version": "1.0.1",
            "source": {
                "type": "git",
                "url": "http://gitlab.ffan.biz/php/pubsub.git",
                "reference": "749501cc443f909e863c52e455be3f0669eb2568"
            },
            "dist": {
                "type": "zip",
                "url": "http://composer.intra.ffan.com/repo/private/dists/ffan/std-pubsub/1.0.1.0/749501cc443f909e863c52e455be3f0669eb2568.zip",
                "reference": "749501cc443f909e863c52e455be3f0669eb2568",
                "shasum": null,
                "mirrors": [
                    {
                        "url": "http://composer.intra.ffan.com/repo/private/dists/%package%/%version%/%reference%.%type%",
                        "preferred": true
                    }
                ]
            },
            "archive": {
                "exclude": [
                    "test",
                    ".gitignore"
                ]
            },
            "require": {
                "ffan/std-common": "2.*",
                "ffan/std-console": "1.*",
                "ffan/std-logger": "1.*",
                "php": ">=5.5.0"
            },
            "type": "composer",
            "autoload": {
                "psr-4": {
                    "FFan\\Std\\PubSub\\": "src"
                }
            },
            "authors": [
                {
                    "name": "huangshunzhao",
                    "email": "huangshunzhao@wanda.cn",
                    "role": "Founder and project lead"
                }
            ],
            "description": "FFan pubsub components",
            "keywords": [
                "ffan",
                "php",
                "pubsub"
            ],
            "time": "2017-11-15T02:07:31+00:00"
        },
        {
            "name": "ffan/std-tpl",
            "version": "1.1.2",
            "source": {
                "type": "git",
                "url": "http://gitlab.ffan.biz/php/ffan-tpl.git",
                "reference": "e76d29bdfcd1adb4f23656ba5627499affdc22d6"
            },
            "dist": {
                "type": "zip",
                "url": "http://composer.intra.ffan.com/repo/private/dists/ffan/std-tpl/1.1.2.0/e76d29bdfcd1adb4f23656ba5627499affdc22d6.zip",
                "reference": "e76d29bdfcd1adb4f23656ba5627499affdc22d6",
                "shasum": null,
                "mirrors": [
                    {
                        "url": "http://composer.intra.ffan.com/repo/private/dists/%package%/%version%/%reference%.%type%",
                        "preferred": true
                    }
                ]
            },
            "archive": {
                "exclude": [
                    "test",
                    ".gitignore"
                ]
            },
            "require": {
                "ffan/std-common": "2.*",
                "php": ">=5.5.0"
            },
            "type": "composer",
            "autoload": {
                "psr-4": {
                    "FFan\\Std\\Tpl\\": "src"
                }
            },
            "authors": [
                {
                    "name": "huangshunzhao",
                    "email": "huangshunzhao@wanda.cn",
                    "role": "Founder and project lead"
                }
            ],
            "description": "FFan tpl",
            "keywords": [
                "ffan",
                "php",
                "tpl"
            ],
            "time": "2017-11-20T15:23:19+00:00"
        }
    ],
    "packages-dev": [],
    "aliases": [],
    "minimum-stability": "stable",
    "stability-flags": [],
    "prefer-stable": false,
    "prefer-lowest": false,
    "platform": {
        "php": ">=5.6.0"
    },
    "platform-dev": []
}
