{
    "_readme": [
        "This file locks the dependencies of your project to a known state",
        "Read more about it at https://getcomposer.org/doc/01-basic-usage.md#composer-lock-the-lock-file",
        "This file is @generated automatically"
    ],
    "content-hash": "86f228b6a20e0b2281e02c54ddb3eb27",
    "packages": [
        {
            "name": "uistd/async",
            "version": "2.0.0",
            "source": {
                "type": "git",
                "url": "http://gitlab.ffan.biz/php/async.git",
                "reference": "9eb302e610cf3ab999be795299c0c4b34edc9f8a"
            },
            "dist": {
                "type": "zip",
                "url": "http://composer.intra.ffan.com/repo/private/dists/uistd/async/2.0.0.0/9eb302e610cf3ab999be795299c0c4b34edc9f8a.zip",
                "reference": "9eb302e610cf3ab999be795299c0c4b34edc9f8a",
                "shasum": null,
                "mirrors": [
                    {
                        "url": "http://composer.intra.ffan.com/repo/private/dists/%package%/%version%/%reference%.%type%",
                        "preferred": true
                    }
                ]
            },
            "archive": {
                "exclude": [
                    "test",
                    ".gitignore"
                ]
            },
            "require": {
                "php": ">=5.5.0",
                "uistd/event": "3.*",
                "uistd/logger": "2.*"
            },
            "type": "composer",
            "autoload": {
                "psr-4": {
                    "UiStd\\Async\\": "src"
                }
            },
            "authors": [
                {
                    "name": "huangshunzhao",
                    "email": "huangshunzhao@wanda.cn",
                    "role": "Founder and project lead"
                }
            ],
            "description": "UI Service 框架异步操作组件",
            "keywords": [
                "async",
                "ui service",
                "uistd"
            ],
            "time": "2017-12-18T03:27:32+00:00"
        },
        {
            "name": "uistd/cache",
            "version": "3.0.0",
            "source": {
                "type": "git",
                "url": "http://gitlab.ffan.biz/php/ffan-cache.git",
                "reference": "cd06fb2e9eb36d0831419934d8983cf7d2a208eb"
            },
            "dist": {
                "type": "zip",
                "url": "http://composer.intra.ffan.com/repo/private/dists/uistd/cache/3.0.0.0/cd06fb2e9eb36d0831419934d8983cf7d2a208eb.zip",
                "reference": "cd06fb2e9eb36d0831419934d8983cf7d2a208eb",
                "shasum": null,
                "mirrors": [
                    {
                        "url": "http://composer.intra.ffan.com/repo/private/dists/%package%/%version%/%reference%.%type%",
                        "preferred": true
                    }
                ]
            },
            "archive": {
                "exclude": [
                    "test",
                    ".gitignore"
                ]
            },
            "require": {
                "php": ">=5.5.0",
                "uistd/common": "3.*",
                "uistd/console": "2.*",
                "uistd/event": "3.*",
                "uistd/logger": "2.*"
            },
            "type": "composer",
            "autoload": {
                "psr-4": {
                    "UiStd\\Cache\\": "src"
                }
            },
            "authors": [
                {
                    "name": "huangshunzhao",
                    "email": "huangshunzhao@wanda.cn",
                    "role": "Founder"
                }
            ],
            "description": "UI Service 框架缓存组件，定义了缓存操作接口，实现多种缓存方式。",
            "keywords": [
                "cache",
                "ui service",
                "uistd"
            ],
            "time": "2017-12-18T03:41:18+00:00"
        },
        {
            "name": "uistd/common",
            "version": "3.0.0",
            "source": {
                "type": "git",
                "url": "http://gitlab.ffan.biz/php/ffan-utils.git",
                "reference": "128bc7c725b7dfead61a1a56c4a5aac520feaff5"
            },
            "dist": {
                "type": "zip",
                "url": "http://composer.intra.ffan.com/repo/private/dists/uistd/common/3.0.0.0/128bc7c725b7dfead61a1a56c4a5aac520feaff5.zip",
                "reference": "128bc7c725b7dfead61a1a56c4a5aac520feaff5",
                "shasum": null,
                "mirrors": [
                    {
                        "url": "http://composer.intra.ffan.com/repo/private/dists/%package%/%version%/%reference%.%type%",
                        "preferred": true
                    }
                ]
            },
            "archive": {
                "exclude": [
                    "test",
                    ".gitignore"
                ]
            },
            "require": {
                "ext-mbstring": "*",
                "php": ">=5.5.0"
            },
            "type": "composer",
            "autoload": {
                "psr-4": {
                    "UiStd\\Common\\": "src"
                }
            },
            "authors": [
                {
                    "name": "huangshunzhao",
                    "email": "huangshunzhao@wanda.cn",
                    "role": "Founder and project lead"
                }
            ],
            "description": "UI Service 模板基础组件",
            "keywords": [
                "ui service",
                "uistd",
                "utils"
            ],
            "time": "2017-12-18T03:13:57+00:00"
        },
        {
            "name": "uistd/console",
            "version": "2.0.0",
            "source": {
                "type": "git",
                "url": "http://gitlab.ffan.biz/php/console.git",
                "reference": "0471108cadd5eb98889f62646d8eb0b481e81bf8"
            },
            "dist": {
                "type": "zip",
                "url": "http://composer.intra.ffan.com/repo/private/dists/uistd/console/2.0.0.0/0471108cadd5eb98889f62646d8eb0b481e81bf8.zip",
                "reference": "0471108cadd5eb98889f62646d8eb0b481e81bf8",
                "shasum": null,
                "mirrors": [
                    {
                        "url": "http://composer.intra.ffan.com/repo/private/dists/%package%/%version%/%reference%.%type%",
                        "preferred": true
                    }
                ]
            },
            "archive": {
                "exclude": [
                    "test",
                    ".gitignore"
                ]
            },
            "require": {
                "php": ">=5.5.0",
                "uistd/common": "3.*",
                "uistd/event": "3.*",
                "uistd/logger": "2.*"
            },
            "type": "composer",
            "autoload": {
                "psr-4": {
                    "UiStd\\Console\\": "src"
                },
                "files": [
                    "src/helper.php"
                ]
            },
            "authors": [
                {
                    "name": "huangshunzhao",
                    "email": "huangshunzhao@wanda.cn",
                    "role": "Founder"
                }
            ],
            "description": "UI Service 调试控制台组件",
            "keywords": [
                "console",
                "ffan"
            ],
            "time": "2017-12-18T03:33:42+00:00"
        },
        {
            "name": "uistd/dop",
            "version": "3.0.7",
            "source": {
                "type": "git",
                "url": "http://gitlab.ffan.biz/dop/dop.git",
                "reference": "c5fb034acb1758cc6580fef3ee58bbfd50559742"
            },
            "dist": {
                "type": "zip",
                "url": "http://composer.intra.ffan.com/repo/private/dists/uistd/dop/3.0.7.0/c5fb034acb1758cc6580fef3ee58bbfd50559742.zip",
                "reference": "c5fb034acb1758cc6580fef3ee58bbfd50559742",
                "shasum": null,
                "mirrors": [
                    {
                        "url": "http://composer.intra.ffan.com/repo/private/dists/%package%/%version%/%reference%.%type%",
                        "preferred": true
                    }
                ]
            },
            "archive": {
                "exclude": [
                    "test",
                    ".gitignore"
                ]
            },
            "require": {
                "php": ">=5.5.0",
                "uistd/common": "3.*",
                "uistd/console": "2.*",
                "uistd/git": "2.*"
            },
            "type": "composer",
            "autoload": {
                "psr-4": {
                    "UiStd\\Dop\\": "base",
                    "UiStd\\Dop\\Coder\\": "coder",
                    "UiStd\\Dop\\Plugin\\": "plugin",
                    "UiStd\\Dop\\Tool\\": "tool"
                }
            },
            "authors": [
                {
                    "name": "huangshunzhao",
                    "email": "huangshunzhao@wanda.cn",
                    "role": "Founder"
                }
            ],
            "description": "数据转对象的代码自动生成工具，主要用于模型对象的自动生成的数据 打包、解包方法生成。",
            "keywords": [
                "dop",
                "ui service",
                "uistd"
            ],
            "time": "2017-12-20T07:53:03+00:00"
        },
        {
            "name": "uistd/dop-uis",
            "version": "3.1.2",
            "source": {
                "type": "git",
                "url": "http://gitlab.ffan.biz/dop/uis.git",
                "reference": "0daa67add90975b6862448eacc7eb1f4e8d37b81"
            },
            "dist": {
                "type": "zip",
                "url": "http://composer.intra.ffan.com/repo/private/dists/uistd/dop-uis/3.1.2.0/0daa67add90975b6862448eacc7eb1f4e8d37b81.zip",
                "reference": "0daa67add90975b6862448eacc7eb1f4e8d37b81",
                "shasum": null,
                "mirrors": [
                    {
                        "url": "http://composer.intra.ffan.com/repo/private/dists/%package%/%version%/%reference%.%type%",
                        "preferred": true
                    }
                ]
            },
            "require": {
                "php": ">=5.6.0",
                "uistd/async": "2.*",
                "uistd/cache": "3.*",
                "uistd/common": "3.*",
                "uistd/console": "2.*",
                "uistd/event": "3.*",
                "uistd/http": "2.*",
                "uistd/logger": "2.*",
                "uistd/php-dop": "3.*",
                "uistd/tpl": "2.*"
            },
            "type": "composer",
            "autoload": {
                "psr-4": {
                    "UiStd\\Uis\\Base\\": "src",
                    "UiStd\\Uis\\Work\\": "work"
                }
            },
            "license": [
                "BSD-3-Clause"
            ],
            "description": "Dop ui service framework",
            "keywords": [
                "dop",
                "ui service",
                "uis"
            ],
            "time": "2017-12-20T11:02:29+00:00"
        },
        {
            "name": "uistd/event",
            "version": "3.0.0",
            "source": {
                "type": "git",
                "url": "http://gitlab.ffan.biz/php/ffan-event.git",
                "reference": "ffeabb1a07b2ba05b3d425e899abeb2495025d05"
            },
            "dist": {
                "type": "zip",
                "url": "http://composer.intra.ffan.com/repo/private/dists/uistd/event/3.0.0.0/ffeabb1a07b2ba05b3d425e899abeb2495025d05.zip",
                "reference": "ffeabb1a07b2ba05b3d425e899abeb2495025d05",
                "shasum": null,
                "mirrors": [
                    {
                        "url": "http://composer.intra.ffan.com/repo/private/dists/%package%/%version%/%reference%.%type%",
                        "preferred": true
                    }
                ]
            },
            "archive": {
                "exclude": [
                    "test",
                    ".gitignore"
                ]
            },
            "require": {
                "php": ">=5.5.0"
            },
            "type": "composer",
            "autoload": {
                "psr-4": {
                    "UiStd\\Event\\": "src"
                }
            },
            "authors": [
                {
                    "name": "huangshunzhao",
                    "email": "huangshunzhao@wanda.cn",
                    "role": "Founder"
                }
            ],
            "description": "UI Service 框架事件管理组件",
            "keywords": [
                "event",
                "ui service",
                "uis",
                "uistd"
            ],
            "time": "2017-12-18T03:01:39+00:00"
        },
        {
            "name": "uistd/git",
            "version": "2.0.0",
            "source": {
                "type": "git",
                "url": "http://gitlab.ffan.biz/php/git.git",
                "reference": "db74e35eda593e40df321bb531c7bf16285f7ca3"
            },
            "dist": {
                "type": "zip",
                "url": "http://composer.intra.ffan.com/repo/private/dists/uistd/git/2.0.0.0/db74e35eda593e40df321bb531c7bf16285f7ca3.zip",
                "reference": "db74e35eda593e40df321bb531c7bf16285f7ca3",
                "shasum": null,
                "mirrors": [
                    {
                        "url": "http://composer.intra.ffan.com/repo/private/dists/%package%/%version%/%reference%.%type%",
                        "preferred": true
                    }
                ]
            },
            "archive": {
                "exclude": [
                    "test",
                    ".gitignore"
                ]
            },
            "require": {
                "php": ">=5.5.0",
                "uistd/common": "3.*",
                "uistd/logger": "2.*"
            },
            "type": "composer",
            "autoload": {
                "psr-4": {
                    "UiStd\\Git\\": "src"
                }
            },
            "authors": [
                {
                    "name": "huangshunzhao",
                    "email": "huangshunzhao@wanda.cn",
                    "role": "Founder and project lead"
                }
            ],
            "description": "UI Service 简单的PHP Git工具，主要用于代码自动化生成之后，自动将代码push入库",
            "keywords": [
                "git",
                "ui service",
                "uistd"
            ],
            "time": "2017-12-18T03:50:05+00:00"
        },
        {
            "name": "uistd/http",
            "version": "2.0.1",
            "source": {
                "type": "git",
                "url": "http://gitlab.ffan.biz/php/ffan-http.git",
                "reference": "bac568b880981f81f8930c96d69563bae457a0a8"
            },
            "dist": {
                "type": "zip",
                "url": "http://composer.intra.ffan.com/repo/private/dists/uistd/http/2.0.1.0/bac568b880981f81f8930c96d69563bae457a0a8.zip",
                "reference": "bac568b880981f81f8930c96d69563bae457a0a8",
                "shasum": null,
                "mirrors": [
                    {
                        "url": "http://composer.intra.ffan.com/repo/private/dists/%package%/%version%/%reference%.%type%",
                        "preferred": true
                    }
                ]
            },
            "archive": {
                "exclude": [
                    "test",
                    ".gitignore"
                ]
            },
            "require": {
                "php": ">=5.5.0",
                "uistd/async": "2.*",
                "uistd/common": "3.*",
                "uistd/console": "2.*",
                "uistd/logger": "2.*"
            },
            "type": "composer",
            "autoload": {
                "psr-4": {
                    "UiStd\\Http\\": "src/"
                }
            },
            "authors": [
                {
                    "name": "huangshunzhao",
                    "email": "huangshunzhao@wanda.cn",
                    "role": "Founder"
                }
            ],
            "description": "UI Service Http协议接口请求组件，结合DOP代码自动化生成工具可以生成接口模板。",
            "keywords": [
                "http",
                "ui service",
                "uis"
            ],
            "time": "2017-12-19T01:01:04+00:00"
        },
        {
            "name": "uistd/logger",
            "version": "2.0.1",
            "source": {
                "type": "git",
                "url": "http://gitlab.ffan.biz/php/logger.git",
                "reference": "aefc4acb76a07d6737eb69bbb2de7fdc8e79a7bf"
            },
            "dist": {
                "type": "zip",
                "url": "http://composer.intra.ffan.com/repo/private/dists/uistd/logger/2.0.1.0/aefc4acb76a07d6737eb69bbb2de7fdc8e79a7bf.zip",
                "reference": "aefc4acb76a07d6737eb69bbb2de7fdc8e79a7bf",
                "shasum": null,
                "mirrors": [
                    {
                        "url": "http://composer.intra.ffan.com/repo/private/dists/%package%/%version%/%reference%.%type%",
                        "preferred": true
                    }
                ]
            },
            "archive": {
                "exclude": [
                    "test",
                    ".gitignore"
                ]
            },
            "require": {
                "php": ">=5.5.0",
                "uistd/common": "3.*",
                "uistd/event": "3.*"
            },
            "type": "composer",
            "autoload": {
                "psr-4": {
                    "UiStd\\Logger\\": "src"
                }
            },
            "authors": [
                {
                    "name": "huangshunzhao",
                    "email": "huangshunzhao@wanda.cn",
                    "role": "Founder"
                }
            ],
            "description": "UI Service 框架日志组件",
            "keywords": [
                "logger",
                "ui service",
                "uistd"
            ],
            "time": "2017-12-19T06:59:13+00:00"
        },
        {
            "name": "uistd/mysql",
            "version": "2.0.0",
            "source": {
                "type": "git",
                "url": "http://gitlab.ffan.biz/php/ffan-mysql.git",
                "reference": "a7da20c8c855c8c13e59f30bd0ba34fe0b238a35"
            },
            "dist": {
                "type": "zip",
                "url": "http://composer.intra.ffan.com/repo/private/dists/uistd/mysql/2.0.0.0/a7da20c8c855c8c13e59f30bd0ba34fe0b238a35.zip",
                "reference": "a7da20c8c855c8c13e59f30bd0ba34fe0b238a35",
                "shasum": null,
                "mirrors": [
                    {
                        "url": "http://composer.intra.ffan.com/repo/private/dists/%package%/%version%/%reference%.%type%",
                        "preferred": true
                    }
                ]
            },
            "archive": {
                "exclude": [
                    "test",
                    ".gitignore"
                ]
            },
            "require": {
                "ext-mysqli": "*",
                "php": ">=5.5.0",
                "uistd/common": "3.*",
                "uistd/console": "2.*",
                "uistd/event": "3.*",
                "uistd/logger": "2.*"
            },
            "type": "composer",
            "autoload": {
                "psr-4": {
                    "UiStd\\Mysql\\": "src"
                }
            },
            "authors": [
                {
                    "name": "huangshunzhao",
                    "email": "huangshunzhao@wanda.cn",
                    "role": "Founder"
                }
            ],
            "description": "UI Service 简易Mysql数据库操作组件。",
            "keywords": [
                "mysql",
                "ui service",
                "uistd"
            ],
            "time": "2017-12-18T04:03:00+00:00"
        },
        {
            "name": "uistd/php-dop",
            "version": "3.0.3",
            "source": {
                "type": "git",
                "url": "http://gitlab.ffan.biz/dop/php.git",
                "reference": "1f0f57aed2590bdc783481251841c0386d858c0e"
            },
            "dist": {
                "type": "zip",
                "url": "http://composer.intra.ffan.com/repo/private/dists/uistd/php-dop/3.0.3.0/1f0f57aed2590bdc783481251841c0386d858c0e.zip",
                "reference": "1f0f57aed2590bdc783481251841c0386d858c0e",
                "shasum": null,
                "mirrors": [
                    {
                        "url": "http://composer.intra.ffan.com/repo/private/dists/%package%/%version%/%reference%.%type%",
                        "preferred": true
                    }
                ]
            },
            "require": {
                "php": ">=5.5.0",
                "uistd/common": "3.*"
            },
            "type": "composer",
            "autoload": {
                "psr-4": {
                    "UiStd\\DopLib\\": "src"
                }
            },
            "authors": [
                {
                    "name": "huangshunzhao",
                    "email": "huangshunzhao@wanda.cn",
                    "role": "Founder and project lead"
                }
            ],
            "description": "DOP自动生成的代码运行所需要的依赖文件",
            "keywords": [
                "dop",
                "php",
                "ui service"
            ],
            "time": "2017-12-19T11:04:52+00:00"
        },
        {
            "name": "uistd/tpl",
            "version": "2.0.0",
            "source": {
                "type": "git",
                "url": "http://gitlab.ffan.biz/php/ffan-tpl.git",
                "reference": "38f7269de8cbc228175ed6c11c7687b565ec784e"
            },
            "dist": {
                "type": "zip",
                "url": "http://composer.intra.ffan.com/repo/private/dists/uistd/tpl/2.0.0.0/38f7269de8cbc228175ed6c11c7687b565ec784e.zip",
                "reference": "38f7269de8cbc228175ed6c11c7687b565ec784e",
                "shasum": null,
                "mirrors": [
                    {
                        "url": "http://composer.intra.ffan.com/repo/private/dists/%package%/%version%/%reference%.%type%",
                        "preferred": true
                    }
                ]
            },
            "archive": {
                "exclude": [
                    "test",
                    ".gitignore"
                ]
            },
            "require": {
                "php": ">=5.5.0",
                "uistd/common": "3.*"
            },
            "type": "composer",
            "autoload": {
                "psr-4": {
                    "UiStd\\Tpl\\": "src"
                }
            },
            "authors": [
                {
                    "name": "huangshunzhao",
                    "email": "huangshunzhao@wanda.cn",
                    "role": "Founder and project lead"
                }
            ],
            "description": "UI Service 轻量化模板组件，兼容大部分Smarty语法，但不会生成临时文件，生成的代码会缓存在内存中（如果加载了apcu扩展）",
            "keywords": [
                "tpl",
                "ui service",
                "uistd"
            ],
            "time": "2017-12-18T04:10:46+00:00"
        }
    ],
    "packages-dev": [],
    "aliases": [],
    "minimum-stability": "stable",
    "stability-flags": [],
    "prefer-stable": false,
    "prefer-lowest": false,
    "platform": {
        "php": ">=5.6.0"
    },
    "platform-dev": []
}
